
Microsoft Visual Studio Solution File, Format Version 12.00
# Visual Studio 15
VisualStudioVersion = 15.0.26430.14
MinimumVisualStudioVersion = 10.0.40219.1
Project("{FAE04EC0-301F-11D3-BF4B-00C04F79EFBC}") = "SyedMovieStoreApp", "SyedMovieStoreApp\SyedMovieStoreApp.csproj", "{AB7E2D55-E735-4E80-B623-FF3A01F9EA36}"
EndProject
Project("{FAE04EC0-301F-11D3-BF4B-00C04F79EFBC}") = "MovieStore.Data.EntityF", "MovieStore.Data.EntityF\MovieStore.Data.EntityF.csproj", "{C339775B-D595-4704-B55D-490D2C80E3CF}"
EndProject
Project("{FAE04EC0-301F-11D3-BF4B-00C04F79EFBC}") = "MoveStore.Data.Common", "MoveStore.Data.Common\MoveStore.Data.Common.csproj", "{B69A5828-1861-4D56-9F22-9A815A83A647}"
EndProject
Project("{FAE04EC0-301F-11D3-BF4B-00C04F79EFBC}") = "MovieStore.NotRealTest", "MovieStore.NotRealTest\MovieStore.NotRealTest.csproj", "{DE7AD37E-CBD7-4DD5-9EB7-25DE6FAB4308}"
EndProject
Project("{FAE04EC0-301F-11D3-BF4B-00C04F79EFBC}") = "MoveStore.WebApi", "MoveStore.WebApi\MoveStore.WebApi.csproj", "{F29FF9D7-7340-4377-9BC9-AAE2E4ECF87D}"
EndProject
Global
	GlobalSection(SolutionConfigurationPlatforms) = preSolution
		Debug|Any CPU = Debug|Any CPU
		Release|Any CPU = Release|Any CPU
	EndGlobalSection
	GlobalSection(ProjectConfigurationPlatforms) = postSolution
		{AB7E2D55-E735-4E80-B623-FF3A01F9EA36}.Debug|Any CPU.ActiveCfg = Debug|Any CPU
		{AB7E2D55-E735-4E80-B623-FF3A01F9EA36}.Debug|Any CPU.Build.0 = Debug|Any CPU
		{AB7E2D55-E735-4E80-B623-FF3A01F9EA36}.Release|Any CPU.ActiveCfg = Release|Any CPU
		{AB7E2D55-E735-4E80-B623-FF3A01F9EA36}.Release|Any CPU.Build.0 = Release|Any CPU
		{C339775B-D595-4704-B55D-490D2C80E3CF}.Debug|Any CPU.ActiveCfg = Debug|Any CPU
		{C339775B-D595-4704-B55D-490D2C80E3CF}.Debug|Any CPU.Build.0 = Debug|Any CPU
		{C339775B-D595-4704-B55D-490D2C80E3CF}.Release|Any CPU.ActiveCfg = Release|Any CPU
		{C339775B-D595-4704-B55D-490D2C80E3CF}.Release|Any CPU.Build.0 = Release|Any CPU
		{B69A5828-1861-4D56-9F22-9A815A83A647}.Debug|Any CPU.ActiveCfg = Debug|Any CPU
		{B69A5828-1861-4D56-9F22-9A815A83A647}.Debug|Any CPU.Build.0 = Debug|Any CPU
		{B69A5828-1861-4D56-9F22-9A815A83A647}.Release|Any CPU.ActiveCfg = Release|Any CPU
		{B69A5828-1861-4D56-9F22-9A815A83A647}.Release|Any CPU.Build.0 = Release|Any CPU
		{DE7AD37E-CBD7-4DD5-9EB7-25DE6FAB4308}.Debug|Any CPU.ActiveCfg = Debug|Any CPU
		{DE7AD37E-CBD7-4DD5-9EB7-25DE6FAB4308}.Debug|Any CPU.Build.0 = Debug|Any CPU
		{DE7AD37E-CBD7-4DD5-9EB7-25DE6FAB4308}.Release|Any CPU.ActiveCfg = Release|Any CPU
		{DE7AD37E-CBD7-4DD5-9EB7-25DE6FAB4308}.Release|Any CPU.Build.0 = Release|Any CPU
		{F29FF9D7-7340-4377-9BC9-AAE2E4ECF87D}.Debug|Any CPU.ActiveCfg = Debug|Any CPU
		{F29FF9D7-7340-4377-9BC9-AAE2E4ECF87D}.Debug|Any CPU.Build.0 = Debug|Any CPU
		{F29FF9D7-7340-4377-9BC9-AAE2E4ECF87D}.Release|Any CPU.ActiveCfg = Release|Any CPU
		{F29FF9D7-7340-4377-9BC9-AAE2E4ECF87D}.Release|Any CPU.Build.0 = Release|Any CPU
	EndGlobalSection
	GlobalSection(SolutionProperties) = preSolution
		HideSolutionNode = FALSE
	EndGlobalSection
EndGlobal
